// !$*UTF8*$!
{
	archiveVersion = 1;
	classes = {
	};
	objectVersion = 55;
	objects = {

/* Begin PBXBuildFile section */
		36E4C0DB27C98271002641FA /* SceneDelegate.swift in Sources */ = {isa = PBXBuildFile; fileRef = 36E4C0DA27C98271002641FA /* SceneDelegate.swift */; };
		36E4C0E227C98272002641FA /* Assets.xcassets in Resources */ = {isa = PBXBuildFile; fileRef = 36E4C0E127C98272002641FA /* Assets.xcassets */; };
		36E4C0E527C98272002641FA /* LaunchScreen.storyboard in Resources */ = {isa = PBXBuildFile; fileRef = 36E4C0E327C98272002641FA /* LaunchScreen.storyboard */; };
		36E4C0ED27C982E6002641FA /* AppDelegate.swift in Sources */ = {isa = PBXBuildFile; fileRef = 36E4C0EC27C982E6002641FA /* AppDelegate.swift */; };
		36E4C0F627C98331002641FA /* WelcomeScenePresenter.swift in Sources */ = {isa = PBXBuildFile; fileRef = 36E4C0F027C98331002641FA /* WelcomeScenePresenter.swift */; };
		36E4C0F727C98331002641FA /* WelcomeSceneRouter.swift in Sources */ = {isa = PBXBuildFile; fileRef = 36E4C0F127C98331002641FA /* WelcomeSceneRouter.swift */; };
		36E4C0F827C98331002641FA /* WelcomeSceneViewController.swift in Sources */ = {isa = PBXBuildFile; fileRef = 36E4C0F227C98331002641FA /* WelcomeSceneViewController.swift */; };
		36E4C0F927C98331002641FA /* WelcomeSceneInteractor.swift in Sources */ = {isa = PBXBuildFile; fileRef = 36E4C0F327C98331002641FA /* WelcomeSceneInteractor.swift */; };
		36E4C0FA27C98331002641FA /* WelcomeSceneView.swift in Sources */ = {isa = PBXBuildFile; fileRef = 36E4C0F427C98331002641FA /* WelcomeSceneView.swift */; };
		36E4C0FB27C98331002641FA /* WelcomeSceneConfigurator.swift in Sources */ = {isa = PBXBuildFile; fileRef = 36E4C0F527C98331002641FA /* WelcomeSceneConfigurator.swift */; };
		36E4C0FD27C984B7002641FA /* WelcomeSceneViewModel.swift in Sources */ = {isa = PBXBuildFile; fileRef = 36E4C0FC27C984B7002641FA /* WelcomeSceneViewModel.swift */; };
		36E4C10027C98622002641FA /* ScenesFactory.swift in Sources */ = {isa = PBXBuildFile; fileRef = 36E4C0FF27C98622002641FA /* ScenesFactory.swift */; };
		36E4C10B27C9884C002641FA /* DetailsSceneView.swift in Sources */ = {isa = PBXBuildFile; fileRef = 36E4C10327C9884C002641FA /* DetailsSceneView.swift */; };
		36E4C10C27C9884C002641FA /* DetailsSceneViewModel.swift in Sources */ = {isa = PBXBuildFile; fileRef = 36E4C10527C9884C002641FA /* DetailsSceneViewModel.swift */; };
		36E4C10D27C9884C002641FA /* DetailsScenePresenter.swift in Sources */ = {isa = PBXBuildFile; fileRef = 36E4C10627C9884C002641FA /* DetailsScenePresenter.swift */; };
		36E4C10E27C9884C002641FA /* DetailsSceneConfigurator.swift in Sources */ = {isa = PBXBuildFile; fileRef = 36E4C10727C9884C002641FA /* DetailsSceneConfigurator.swift */; };
		36E4C10F27C9884C002641FA /* DetailsSceneViewController.swift in Sources */ = {isa = PBXBuildFile; fileRef = 36E4C10827C9884C002641FA /* DetailsSceneViewController.swift */; };
		36E4C11027C9884C002641FA /* DetailsSceneRouter.swift in Sources */ = {isa = PBXBuildFile; fileRef = 36E4C10927C9884C002641FA /* DetailsSceneRouter.swift */; };
		36E4C11127C9884C002641FA /* DetailsSceneInteractor.swift in Sources */ = {isa = PBXBuildFile; fileRef = 36E4C10A27C9884C002641FA /* DetailsSceneInteractor.swift */; };
/* End PBXBuildFile section */

/* Begin PBXFileReference section */
		36E4C0D527C98271002641FA /* CleanSwiftWithSwiftUI.app */ = {isa = PBXFileReference; explicitFileType = wrapper.application; includeInIndex = 0; path = CleanSwiftWithSwiftUI.app; sourceTree = BUILT_PRODUCTS_DIR; };
		36E4C0DA27C98271002641FA /* SceneDelegate.swift */ = {isa = PBXFileReference; lastKnownFileType = sourcecode.swift; path = SceneDelegate.swift; sourceTree = "<group>"; };
		36E4C0E127C98272002641FA /* Assets.xcassets */ = {isa = PBXFileReference; lastKnownFileType = folder.assetcatalog; path = Assets.xcassets; sourceTree = "<group>"; };
		36E4C0E427C98272002641FA /* Base */ = {isa = PBXFileReference; lastKnownFileType = file.storyboard; name = Base; path = Base.lproj/LaunchScreen.storyboard; sourceTree = "<group>"; };
		36E4C0E627C98272002641FA /* Info.plist */ = {isa = PBXFileReference; lastKnownFileType = text.plist.xml; path = Info.plist; sourceTree = "<group>"; };
		36E4C0EC27C982E6002641FA /* AppDelegate.swift */ = {isa = PBXFileReference; lastKnownFileType = sourcecode.swift; path = AppDelegate.swift; sourceTree = "<group>"; };
		36E4C0F027C98331002641FA /* WelcomeScenePresenter.swift */ = {isa = PBXFileReference; lastKnownFileType = sourcecode.swift; path = WelcomeScenePresenter.swift; sourceTree = "<group>"; };
		36E4C0F127C98331002641FA /* WelcomeSceneRouter.swift */ = {isa = PBXFileReference; lastKnownFileType = sourcecode.swift; path = WelcomeSceneRouter.swift; sourceTree = "<group>"; };
		36E4C0F227C98331002641FA /* WelcomeSceneViewController.swift */ = {isa = PBXFileReference; lastKnownFileType = sourcecode.swift; path = WelcomeSceneViewController.swift; sourceTree = "<group>"; };
		36E4C0F327C98331002641FA /* WelcomeSceneInteractor.swift */ = {isa = PBXFileReference; lastKnownFileType = sourcecode.swift; path = WelcomeSceneInteractor.swift; sourceTree = "<group>"; };
		36E4C0F427C98331002641FA /* WelcomeSceneView.swift */ = {isa = PBXFileReference; lastKnownFileType = sourcecode.swift; path = WelcomeSceneView.swift; sourceTree = "<group>"; };
		36E4C0F527C98331002641FA /* WelcomeSceneConfigurator.swift */ = {isa = PBXFileReference; lastKnownFileType = sourcecode.swift; path = WelcomeSceneConfigurator.swift; sourceTree = "<group>"; };
		36E4C0FC27C984B7002641FA /* WelcomeSceneViewModel.swift */ = {isa = PBXFileReference; lastKnownFileType = sourcecode.swift; path = WelcomeSceneViewModel.swift; sourceTree = "<group>"; };
		36E4C0FF27C98622002641FA /* ScenesFactory.swift */ = {isa = PBXFileReference; lastKnownFileType = sourcecode.swift; path = ScenesFactory.swift; sourceTree = "<group>"; };
		36E4C10327C9884C002641FA /* DetailsSceneView.swift */ = {isa = PBXFileReference; fileEncoding = 4; lastKnownFileType = sourcecode.swift; path = DetailsSceneView.swift; sourceTree = "<group>"; };
		36E4C10527C9884C002641FA /* DetailsSceneViewModel.swift */ = {isa = PBXFileReference; fileEncoding = 4; lastKnownFileType = sourcecode.swift; path = DetailsSceneViewModel.swift; sourceTree = "<group>"; };
		36E4C10627C9884C002641FA /* DetailsScenePresenter.swift */ = {isa = PBXFileReference; fileEncoding = 4; lastKnownFileType = sourcecode.swift; path = DetailsScenePresenter.swift; sourceTree = "<group>"; };
		36E4C10727C9884C002641FA /* DetailsSceneConfigurator.swift */ = {isa = PBXFileReference; fileEncoding = 4; lastKnownFileType = sourcecode.swift; path = DetailsSceneConfigurator.swift; sourceTree = "<group>"; };
		36E4C10827C9884C002641FA /* DetailsSceneViewController.swift */ = {isa = PBXFileReference; fileEncoding = 4; lastKnownFileType = sourcecode.swift; path = DetailsSceneViewController.swift; sourceTree = "<group>"; };
		36E4C10927C9884C002641FA /* DetailsSceneRouter.swift */ = {isa = PBXFileReference; fileEncoding = 4; lastKnownFileType = sourcecode.swift; path = DetailsSceneRouter.swift; sourceTree = "<group>"; };
		36E4C10A27C9884C002641FA /* DetailsSceneInteractor.swift */ = {isa = PBXFileReference; fileEncoding = 4; lastKnownFileType = sourcecode.swift; path = DetailsSceneInteractor.swift; sourceTree = "<group>"; };
/* End PBXFileReference section */

/* Begin PBXFrameworksBuildPhase section */
		36E4C0D227C98271002641FA /* Frameworks */ = {
			isa = PBXFrameworksBuildPhase;
			buildActionMask = 2147483647;
			files = (
			);
			runOnlyForDeploymentPostprocessing = 0;
		};
/* End PBXFrameworksBuildPhase section */

/* Begin PBXGroup section */
		36E4C0CC27C98271002641FA = {
			isa = PBXGroup;
			children = (
				36E4C0D727C98271002641FA /* CleanSwiftWithSwiftUI */,
				36E4C0D627C98271002641FA /* Products */,
			);
			sourceTree = "<group>";
		};
		36E4C0D627C98271002641FA /* Products */ = {
			isa = PBXGroup;
			children = (
				36E4C0D527C98271002641FA /* CleanSwiftWithSwiftUI.app */,
			);
			name = Products;
			sourceTree = "<group>";
		};
		36E4C0D727C98271002641FA /* CleanSwiftWithSwiftUI */ = {
			isa = PBXGroup;
			children = (
				36E4C0FE27C98618002641FA /* Factories */,
				36E4C0EE27C9831C002641FA /* Scenes */,
				36E4C0DA27C98271002641FA /* SceneDelegate.swift */,
				36E4C0EC27C982E6002641FA /* AppDelegate.swift */,
				36E4C0E127C98272002641FA /* Assets.xcassets */,
				36E4C0E327C98272002641FA /* LaunchScreen.storyboard */,
				36E4C0E627C98272002641FA /* Info.plist */,
			);
			path = CleanSwiftWithSwiftUI;
			sourceTree = "<group>";
		};
		36E4C0EE27C9831C002641FA /* Scenes */ = {
			isa = PBXGroup;
			children = (
				36E4C0EF27C98322002641FA /* Welcome */,
				36E4C10227C9884C002641FA /* Details */,
			);
			path = Scenes;
			sourceTree = "<group>";
		};
		36E4C0EF27C98322002641FA /* Welcome */ = {
			isa = PBXGroup;
			children = (
				36E4C10127C986C0002641FA /* Models */,
				36E4C0F027C98331002641FA /* WelcomeScenePresenter.swift */,
				36E4C0F527C98331002641FA /* WelcomeSceneConfigurator.swift */,
				36E4C0F227C98331002641FA /* WelcomeSceneViewController.swift */,
				36E4C0F127C98331002641FA /* WelcomeSceneRouter.swift */,
				36E4C0F427C98331002641FA /* WelcomeSceneView.swift */,
				36E4C0F327C98331002641FA /* WelcomeSceneInteractor.swift */,
			);
			path = Welcome;
			sourceTree = "<group>";
		};
		36E4C0FE27C98618002641FA /* Factories */ = {
			isa = PBXGroup;
			children = (
				36E4C0FF27C98622002641FA /* ScenesFactory.swift */,
			);
			path = Factories;
			sourceTree = "<group>";
		};
		36E4C10127C986C0002641FA /* Models */ = {
			isa = PBXGroup;
			children = (
				36E4C0FC27C984B7002641FA /* WelcomeSceneViewModel.swift */,
			);
			path = Models;
			sourceTree = "<group>";
		};
		36E4C10227C9884C002641FA /* Details */ = {
			isa = PBXGroup;
			children = (
				36E4C10427C9884C002641FA /* Models */,
				36E4C10627C9884C002641FA /* DetailsScenePresenter.swift */,
				36E4C10727C9884C002641FA /* DetailsSceneConfigurator.swift */,
				36E4C10827C9884C002641FA /* DetailsSceneViewController.swift */,
				36E4C10927C9884C002641FA /* DetailsSceneRouter.swift */,
				36E4C10327C9884C002641FA /* DetailsSceneView.swift */,
				36E4C10A27C9884C002641FA /* DetailsSceneInteractor.swift */,
			);
			path = Details;
			sourceTree = "<group>";
		};
		36E4C10427C9884C002641FA /* Models */ = {
			isa = PBXGroup;
			children = (
				36E4C10527C9884C002641FA /* DetailsSceneViewModel.swift */,
			);
			path = Models;
			sourceTree = "<group>";
		};
/* End PBXGroup section */

/* Begin PBXNativeTarget section */
		36E4C0D427C98271002641FA /* CleanSwiftWithSwiftUI */ = {
			isa = PBXNativeTarget;
			buildConfigurationList = 36E4C0E927C98272002641FA /* Build configuration list for PBXNativeTarget "CleanSwiftWithSwiftUI" */;
			buildPhases = (
				36E4C0D127C98271002641FA /* Sources */,
				36E4C0D227C98271002641FA /* Frameworks */,
				36E4C0D327C98271002641FA /* Resources */,
			);
			buildRules = (
			);
			dependencies = (
			);
			name = CleanSwiftWithSwiftUI;
			productName = CleanSwiftWithSwiftUI;
			productReference = 36E4C0D527C98271002641FA /* CleanSwiftWithSwiftUI.app */;
			productType = "com.apple.product-type.application";
		};
/* End PBXNativeTarget section */

/* Begin PBXProject section */
		36E4C0CD27C98271002641FA /* Project object */ = {
			isa = PBXProject;
			attributes = {
				BuildIndependentTargetsInParallel = 1;
				LastSwiftUpdateCheck = 1310;
				LastUpgradeCheck = 1310;
				TargetAttributes = {
					36E4C0D427C98271002641FA = {
						CreatedOnToolsVersion = 13.1;
					};
				};
			};
			buildConfigurationList = 36E4C0D027C98271002641FA /* Build configuration list for PBXProject "CleanSwiftWithSwiftUI" */;
			compatibilityVersion = "Xcode 13.0";
			developmentRegion = en;
			hasScannedForEncodings = 0;
			knownRegions = (
				en,
				Base,
			);
			mainGroup = 36E4C0CC27C98271002641FA;
			productRefGroup = 36E4C0D627C98271002641FA /* Products */;
			projectDirPath = "";
			projectRoot = "";
			targets = (
				36E4C0D427C98271002641FA /* CleanSwiftWithSwiftUI */,
			);
		};
/* End PBXProject section */

/* Begin PBXResourcesBuildPhase section */
		36E4C0D327C98271002641FA /* Resources */ = {
			isa = PBXResourcesBuildPhase;
			buildActionMask = 2147483647;
			files = (
				36E4C0E527C98272002641FA /* LaunchScreen.storyboard in Resources */,
				36E4C0E227C98272002641FA /* Assets.xcassets in Resources */,
			);
			runOnlyForDeploymentPostprocessing = 0;
		};
/* End PBXResourcesBuildPhase section */

/* Begin PBXSourcesBuildPhase section */
		36E4C0D127C98271002641FA /* Sources */ = {
			isa = PBXSourcesBuildPhase;
			buildActionMask = 2147483647;
			files = (
				36E4C10F27C9884C002641FA /* DetailsSceneViewController.swift in Sources */,
				36E4C0FB27C98331002641FA /* WelcomeSceneConfigurator.swift in Sources */,
				36E4C0F627C98331002641FA /* WelcomeScenePresenter.swift in Sources */,
				36E4C10D27C9884C002641FA /* DetailsScenePresenter.swift in Sources */,
				36E4C11127C9884C002641FA /* DetailsSceneInteractor.swift in Sources */,
				36E4C10C27C9884C002641FA /* DetailsSceneViewModel.swift in Sources */,
				36E4C0ED27C982E6002641FA /* AppDelegate.swift in Sources */,
				36E4C0DB27C98271002641FA /* SceneDelegate.swift in Sources */,
				36E4C10E27C9884C002641FA /* DetailsSceneConfigurator.swift in Sources */,
				36E4C11027C9884C002641FA /* DetailsSceneRouter.swift in Sources */,
				36E4C0F927C98331002641FA /* WelcomeSceneInteractor.swift in Sources */,
				36E4C0F827C98331002641FA /* WelcomeSceneViewController.swift in Sources */,
				36E4C0FD27C984B7002641FA /* WelcomeSceneViewModel.swift in Sources */,
				36E4C10027C98622002641FA /* ScenesFactory.swift in Sources */,
				36E4C0FA27C98331002641FA /* WelcomeSceneView.swift in Sources */,
				36E4C0F727C98331002641FA /* WelcomeSceneRouter.swift in Sources */,
				36E4C10B27C9884C002641FA /* DetailsSceneView.swift in Sources */,
			);
			runOnlyForDeploymentPostprocessing = 0;
		};
/* End PBXSourcesBuildPhase section */

/* Begin PBXVariantGroup section */
		36E4C0E327C98272002641FA /* LaunchScreen.storyboard */ = {
			isa = PBXVariantGroup;
			children = (
				36E4C0E427C98272002641FA /* Base */,
			);
			name = LaunchScreen.storyboard;
			sourceTree = "<group>";
		};
/* End PBXVariantGroup section */

/* Begin XCBuildConfiguration section */
		36E4C0E727C98272002641FA /* Debug */ = {
			isa = XCBuildConfiguration;
			buildSettings = {
				ALWAYS_SEARCH_USER_PATHS = NO;
				CLANG_ANALYZER_NONNULL = YES;
				CLANG_ANALYZER_NUMBER_OBJECT_CONVERSION = YES_AGGRESSIVE;
				CLANG_CXX_LANGUAGE_STANDARD = "gnu++17";
				CLANG_CXX_LIBRARY = "libc++";
				CLANG_ENABLE_MODULES = YES;
				CLANG_ENABLE_OBJC_ARC = YES;
				CLANG_ENABLE_OBJC_WEAK = YES;
				CLANG_WARN_BLOCK_CAPTURE_AUTORELEASING = YES;
				CLANG_WARN_BOOL_CONVERSION = YES;
				CLANG_WARN_COMMA = YES;
				CLANG_WARN_CONSTANT_CONVERSION = YES;
				CLANG_WARN_DEPRECATED_OBJC_IMPLEMENTATIONS = YES;
				CLANG_WARN_DIRECT_OBJC_ISA_USAGE = YES_ERROR;
				CLANG_WARN_DOCUMENTATION_COMMENTS = YES;
				CLANG_WARN_EMPTY_BODY = YES;
				CLANG_WARN_ENUM_CONVERSION = YES;
				CLANG_WARN_INFINITE_RECURSION = YES;
				CLANG_WARN_INT_CONVERSION = YES;
				CLANG_WARN_NON_LITERAL_NULL_CONVERSION = YES;
				CLANG_WARN_OBJC_IMPLICIT_RETAIN_SELF = YES;
				CLANG_WARN_OBJC_LITERAL_CONVERSION = YES;
				CLANG_WARN_OBJC_ROOT_CLASS = YES_ERROR;
				CLANG_WARN_QUOTED_INCLUDE_IN_FRAMEWORK_HEADER = YES;
				CLANG_WARN_RANGE_LOOP_ANALYSIS = YES;
				CLANG_WARN_STRICT_PROTOTYPES = YES;
				CLANG_WARN_SUSPICIOUS_MOVE = YES;
				CLANG_WARN_UNGUARDED_AVAILABILITY = YES_AGGRESSIVE;
				CLANG_WARN_UNREACHABLE_CODE = YES;
				CLANG_WARN__DUPLICATE_METHOD_MATCH = YES;
				COPY_PHASE_STRIP = NO;
				DEBUG_INFORMATION_FORMAT = dwarf;
				ENABLE_STRICT_OBJC_MSGSEND = YES;
				ENABLE_TESTABILITY = YES;
				GCC_C_LANGUAGE_STANDARD = gnu11;
				GCC_DYNAMIC_NO_PIC = NO;
				GCC_NO_COMMON_BLOCKS = YES;
				GCC_OPTIMIZATION_LEVEL = 0;
				GCC_PREPROCESSOR_DEFINITIONS = (
					"DEBUG=1",
					"$(inherited)",
				);
				GCC_WARN_64_TO_32_BIT_CONVERSION = YES;
				GCC_WARN_ABOUT_RETURN_TYPE = YES_ERROR;
				GCC_WARN_UNDECLARED_SELECTOR = YES;
				GCC_WARN_UNINITIALIZED_AUTOS = YES_AGGRESSIVE;
				GCC_WARN_UNUSED_FUNCTION = YES;
				GCC_WARN_UNUSED_VARIABLE = YES;
				IPHONEOS_DEPLOYMENT_TARGET = 15.0;
				MTL_ENABLE_DEBUG_INFO = INCLUDE_SOURCE;
				MTL_FAST_MATH = YES;
				ONLY_ACTIVE_ARCH = YES;
				SDKROOT = iphoneos;
				SWIFT_ACTIVE_COMPILATION_CONDITIONS = DEBUG;
				SWIFT_OPTIMIZATION_LEVEL = "-Onone";
			};
			name = Debug;
		};
		36E4C0E827C98272002641FA /* Release */ = {
			isa = XCBuildConfiguration;
			buildSettings = {
				ALWAYS_SEARCH_USER_PATHS = NO;
				CLANG_ANALYZER_NONNULL = YES;
				CLANG_ANALYZER_NUMBER_OBJECT_CONVERSION = YES_AGGRESSIVE;
				CLANG_CXX_LANGUAGE_STANDARD = "gnu++17";
				CLANG_CXX_LIBRARY = "libc++";
				CLANG_ENABLE_MODULES = YES;
				CLANG_ENABLE_OBJC_ARC = YES;
				CLANG_ENABLE_OBJC_WEAK = YES;
				CLANG_WARN_BLOCK_CAPTURE_AUTORELEASING = YES;
				CLANG_WARN_BOOL_CONVERSION = YES;
				CLANG_WARN_COMMA = YES;
				CLANG_WARN_CONSTANT_CONVERSION = YES;
				CLANG_WARN_DEPRECATED_OBJC_IMPLEMENTATIONS = YES;
				CLANG_WARN_DIRECT_OBJC_ISA_USAGE = YES_ERROR;
				CLANG_WARN_DOCUMENTATION_COMMENTS = YES;
				CLANG_WARN_EMPTY_BODY = YES;
				CLANG_WARN_ENUM_CONVERSION = YES;
				CLANG_WARN_INFINITE_RECURSION = YES;
				CLANG_WARN_INT_CONVERSION = YES;
				CLANG_WARN_NON_LITERAL_NULL_CONVERSION = YES;
				CLANG_WARN_OBJC_IMPLICIT_RETAIN_SELF = YES;
				CLANG_WARN_OBJC_LITERAL_CONVERSION = YES;
				CLANG_WARN_OBJC_ROOT_CLASS = YES_ERROR;
				CLANG_WARN_QUOTED_INCLUDE_IN_FRAMEWORK_HEADER = YES;
				CLANG_WARN_RANGE_LOOP_ANALYSIS = YES;
				CLANG_WARN_STRICT_PROTOTYPES = YES;
				CLANG_WARN_SUSPICIOUS_MOVE = YES;
				CLANG_WARN_UNGUARDED_AVAILABILITY = YES_AGGRESSIVE;
				CLANG_WARN_UNREACHABLE_CODE = YES;
				CLANG_WARN__DUPLICATE_METHOD_MATCH = YES;
				COPY_PHASE_STRIP = NO;
				DEBUG_INFORMATION_FORMAT = "dwarf-with-dsym";
				ENABLE_NS_ASSERTIONS = NO;
				ENABLE_STRICT_OBJC_MSGSEND = YES;
				GCC_C_LANGUAGE_STANDARD = gnu11;
				GCC_NO_COMMON_BLOCKS = YES;
				GCC_WARN_64_TO_32_BIT_CONVERSION = YES;
				GCC_WARN_ABOUT_RETURN_TYPE = YES_ERROR;
				GCC_WARN_UNDECLARED_SELECTOR = YES;
				GCC_WARN_UNINITIALIZED_AUTOS = YES_AGGRESSIVE;
				GCC_WARN_UNUSED_FUNCTION = YES;
				GCC_WARN_UNUSED_VARIABLE = YES;
				IPHONEOS_DEPLOYMENT_TARGET = 15.0;
				MTL_ENABLE_DEBUG_INFO = NO;
				MTL_FAST_MATH = YES;
				SDKROOT = iphoneos;
				SWIFT_COMPILATION_MODE = wholemodule;
				SWIFT_OPTIMIZATION_LEVEL = "-O";
				VALIDATE_PRODUCT = YES;
			};
			name = Release;
		};
		36E4C0EA27C98272002641FA /* Debug */ = {
			isa = XCBuildConfiguration;
			buildSettings = {
				ASSETCATALOG_COMPILER_APPICON_NAME = AppIcon;
				ASSETCATALOG_COMPILER_GLOBAL_ACCENT_COLOR_NAME = AccentColor;
				CODE_SIGN_STYLE = Automatic;
				CURRENT_PROJECT_VERSION = 1;
				GENERATE_INFOPLIST_FILE = YES;
				INFOPLIST_FILE = CleanSwiftWithSwiftUI/Info.plist;
				INFOPLIST_KEY_UIApplicationSupportsIndirectInputEvents = YES;
				INFOPLIST_KEY_UILaunchStoryboardName = LaunchScreen;
				INFOPLIST_KEY_UISupportedInterfaceOrientations_iPad = "UIInterfaceOrientationPortrait UIInterfaceOrientationPortraitUpsideDown UIInterfaceOrientationLandscapeLeft UIInterfaceOrientationLandscapeRight";
				INFOPLIST_KEY_UISupportedInterfaceOrientations_iPhone = "UIInterfaceOrientationPortrait UIInterfaceOrientationLandscapeLeft UIInterfaceOrientationLandscapeRight";
				IPHONEOS_DEPLOYMENT_TARGET = 15.0;
				LD_RUNPATH_SEARCH_PATHS = (
					"$(inherited)",
					"@executable_path/Frameworks",
				);
				MARKETING_VERSION = 1.0;
				PRODUCT_BUNDLE_IDENTIFIER = com.CleanSwiftWithSwiftUI;
				PRODUCT_NAME = "$(TARGET_NAME)";
				SWIFT_EMIT_LOC_STRINGS = YES;
				SWIFT_VERSION = 5.0;
				TARGETED_DEVICE_FAMILY = 1;
			};
			name = Debug;
		};
		36E4C0EB27C98272002641FA /* Release */ = {
			isa = XCBuildConfiguration;
			buildSettings = {
				ASSETCATALOG_COMPILER_APPICON_NAME = AppIcon;
				ASSETCATALOG_COMPILER_GLOBAL_ACCENT_COLOR_NAME = AccentColor;
				CODE_SIGN_STYLE = Automatic;
				CURRENT_PROJECT_VERSION = 1;
				GENERATE_INFOPLIST_FILE = YES;
				INFOPLIST_FILE = CleanSwiftWithSwiftUI/Info.plist;
				INFOPLIST_KEY_UIApplicationSupportsIndirectInputEvents = YES;
				INFOPLIST_KEY_UILaunchStoryboardName = LaunchScreen;
				INFOPLIST_KEY_UISupportedInterfaceOrientations_iPad = "UIInterfaceOrientationPortrait UIInterfaceOrientationPortraitUpsideDown UIInterfaceOrientationLandscapeLeft UIInterfaceOrientationLandscapeRight";
				INFOPLIST_KEY_UISupportedInterfaceOrientations_iPhone = "UIInterfaceOrientationPortrait UIInterfaceOrientationLandscapeLeft UIInterfaceOrientationLandscapeRight";
				IPHONEOS_DEPLOYMENT_TARGET = 15.0;
				LD_RUNPATH_SEARCH_PATHS = (
					"$(inherited)",
					"@executable_path/Frameworks",
				);
				MARKETING_VERSION = 1.0;
				PRODUCT_BUNDLE_IDENTIFIER = com.CleanSwiftWithSwiftUI;
				PRODUCT_NAME = "$(TARGET_NAME)";
				SWIFT_EMIT_LOC_STRINGS = YES;
				SWIFT_VERSION = 5.0;
				TARGETED_DEVICE_FAMILY = 1;
			};
			name = Release;
		};
/* End XCBuildConfiguration section */

/* Begin XCConfigurationList section */
		36E4C0D027C98271002641FA /* Build configuration list for PBXProject "CleanSwiftWithSwiftUI" */ = {
			isa = XCConfigurationList;
			buildConfigurations = (
				36E4C0E727C98272002641FA /* Debug */,
				36E4C0E827C98272002641FA /* Release */,
			);
			defaultConfigurationIsVisible = 0;
			defaultConfigurationName = Release;
		};
		36E4C0E927C98272002641FA /* Build configuration list for PBXNativeTarget "CleanSwiftWithSwiftUI" */ = {
			isa = XCConfigurationList;
			buildConfigurations = (
				36E4C0EA27C98272002641FA /* Debug */,
				36E4C0EB27C98272002641FA /* Release */,
			);
			defaultConfigurationIsVisible = 0;
			defaultConfigurationName = Release;
		};
/* End XCConfigurationList section */
	};
	rootObject = 36E4C0CD27C98271002641FA /* Project object */;
}
